
Microsoft Visual Studio Solution File, Format Version 12.00
# Visual Studio Version 17
VisualStudioVersion = 17.14.36401.2 d17.14
MinimumVisualStudioVersion = 10.0.40219.1
Project("{8BC9CEB8-8B4A-11D0-8D11-00A0C91BC942}") = "Tests", "Tests\Tests.vcxproj", "{ECCF410C-4EC2-4B5A-B8B6-6998575FA15E}"
EndProject
Global
	GlobalSection(SolutionConfigurationPlatforms) = preSolution
		Debug|x64 = Debug|x64
		Debug|x86 = Debug|x86
		Release|x64 = Release|x64
		Release|x86 = Release|x86
	EndGlobalSection
	GlobalSection(ProjectConfigurationPlatforms) = postSolution
		{ECCF410C-4EC2-4B5A-B8B6-6998575FA15E}.Debug|x64.ActiveCfg = Debug|x64
		{ECCF410C-4EC2-4B5A-B8B6-6998575FA15E}.Debug|x64.Build.0 = Debug|x64
		{ECCF410C-4EC2-4B5A-B8B6-6998575FA15E}.Debug|x86.ActiveCfg = Debug|Win32
		{ECCF410C-4EC2-4B5A-B8B6-6998575FA15E}.Debug|x86.Build.0 = Debug|Win32
		{ECCF410C-4EC2-4B5A-B8B6-6998575FA15E}.Release|x64.ActiveCfg = Release|x64
		{ECCF410C-4EC2-4B5A-B8B6-6998575FA15E}.Release|x64.Build.0 = Release|x64
		{ECCF410C-4EC2-4B5A-B8B6-6998575FA15E}.Release|x86.ActiveCfg = Release|Win32
		{ECCF410C-4EC2-4B5A-B8B6-6998575FA15E}.Release|x86.Build.0 = Release|Win32
	EndGlobalSection
	GlobalSection(SolutionProperties) = preSolution
		HideSolutionNode = FALSE
	EndGlobalSection
	GlobalSection(ExtensibilityGlobals) = postSolution
		SolutionGuid = {E4053036-8335-4E7E-8356-227CC1F761BF}
	EndGlobalSection
EndGlobal
